
Microsoft Visual Studio Solution File, Format Version 12.00
Project("{FAE04EC0-301F-11D3-BF4B-00C04F79EFBC}") = "microservice-demo1", "microservice-demo1\microservice-demo1.csproj", "{DC7E9EFD-9BA4-4FFD-A0C7-511D5894A005}"
EndProject
Project("{2150E333-8FDC-42A3-9474-1A3956D46DE8}") = "kubernetes", "kubernetes", "{44C151EA-31D4-4254-8780-D4C37F4EE30C}"
	ProjectSection(SolutionItems) = preProject
		deployment.yaml = deployment.yaml
	EndProjectSection
EndProject
Project("{FAE04EC0-301F-11D3-BF4B-00C04F79EFBC}") = "microservice-demo2", "microservice-demo2\microservice-demo2.csproj", "{C604ADB9-1595-4BAA-B6FA-7C9FE6C791EC}"
EndProject
Global
	GlobalSection(SolutionConfigurationPlatforms) = preSolution
		Debug|Any CPU = Debug|Any CPU
		Release|Any CPU = Release|Any CPU
	EndGlobalSection
	GlobalSection(ProjectConfigurationPlatforms) = postSolution
		{DC7E9EFD-9BA4-4FFD-A0C7-511D5894A005}.Debug|Any CPU.ActiveCfg = Debug|Any CPU
		{DC7E9EFD-9BA4-4FFD-A0C7-511D5894A005}.Debug|Any CPU.Build.0 = Debug|Any CPU
		{DC7E9EFD-9BA4-4FFD-A0C7-511D5894A005}.Release|Any CPU.ActiveCfg = Release|Any CPU
		{DC7E9EFD-9BA4-4FFD-A0C7-511D5894A005}.Release|Any CPU.Build.0 = Release|Any CPU
		{C604ADB9-1595-4BAA-B6FA-7C9FE6C791EC}.Debug|Any CPU.ActiveCfg = Debug|Any CPU
		{C604ADB9-1595-4BAA-B6FA-7C9FE6C791EC}.Debug|Any CPU.Build.0 = Debug|Any CPU
		{C604ADB9-1595-4BAA-B6FA-7C9FE6C791EC}.Release|Any CPU.ActiveCfg = Release|Any CPU
		{C604ADB9-1595-4BAA-B6FA-7C9FE6C791EC}.Release|Any CPU.Build.0 = Release|Any CPU
	EndGlobalSection
EndGlobal
